
Microsoft Visual Studio Solution File, Format Version 12.00
# Visual Studio Version 16
VisualStudioVersion = 16.0.31911.196
MinimumVisualStudioVersion = 10.0.40219.1
Project("{FAE04EC0-301F-11D3-BF4B-00C04F79EFBC}") = "TheWaveApp", "TheWaveApp\TheWaveApp.csproj", "{774B5C4B-7A72-4B03-B1E0-FA417775D7DE}"
EndProject
Project("{FAE04EC0-301F-11D3-BF4B-00C04F79EFBC}") = "Helper", "Helper\Helper.csproj", "{0D9298F0-D48F-4170-9FED-64DD43199C6A}"
EndProject
Project("{FAE04EC0-301F-11D3-BF4B-00C04F79EFBC}") = "Model", "Model\Model.csproj", "{191BE074-7525-4296-A8C0-83B739DC174B}"
EndProject
Global
	GlobalSection(SolutionConfigurationPlatforms) = preSolution
		Debug|Any CPU = Debug|Any CPU
		Release|Any CPU = Release|Any CPU
	EndGlobalSection
	GlobalSection(ProjectConfigurationPlatforms) = postSolution
		{774B5C4B-7A72-4B03-B1E0-FA417775D7DE}.Debug|Any CPU.ActiveCfg = Debug|Any CPU
		{774B5C4B-7A72-4B03-B1E0-FA417775D7DE}.Debug|Any CPU.Build.0 = Debug|Any CPU
		{774B5C4B-7A72-4B03-B1E0-FA417775D7DE}.Debug|Any CPU.Deploy.0 = Debug|Any CPU
		{774B5C4B-7A72-4B03-B1E0-FA417775D7DE}.Release|Any CPU.ActiveCfg = Release|Any CPU
		{774B5C4B-7A72-4B03-B1E0-FA417775D7DE}.Release|Any CPU.Build.0 = Release|Any CPU
		{774B5C4B-7A72-4B03-B1E0-FA417775D7DE}.Release|Any CPU.Deploy.0 = Release|Any CPU
		{0D9298F0-D48F-4170-9FED-64DD43199C6A}.Debug|Any CPU.ActiveCfg = Debug|Any CPU
		{0D9298F0-D48F-4170-9FED-64DD43199C6A}.Debug|Any CPU.Build.0 = Debug|Any CPU
		{0D9298F0-D48F-4170-9FED-64DD43199C6A}.Release|Any CPU.ActiveCfg = Release|Any CPU
		{0D9298F0-D48F-4170-9FED-64DD43199C6A}.Release|Any CPU.Build.0 = Release|Any CPU
		{191BE074-7525-4296-A8C0-83B739DC174B}.Debug|Any CPU.ActiveCfg = Debug|Any CPU
		{191BE074-7525-4296-A8C0-83B739DC174B}.Debug|Any CPU.Build.0 = Debug|Any CPU
		{191BE074-7525-4296-A8C0-83B739DC174B}.Release|Any CPU.ActiveCfg = Release|Any CPU
		{191BE074-7525-4296-A8C0-83B739DC174B}.Release|Any CPU.Build.0 = Release|Any CPU
	EndGlobalSection
	GlobalSection(SolutionProperties) = preSolution
		HideSolutionNode = FALSE
	EndGlobalSection
	GlobalSection(ExtensibilityGlobals) = postSolution
		SolutionGuid = {6EDA38EE-DF60-4B8D-A931-A254A9405C11}
	EndGlobalSection
EndGlobal
